# This file was autogenerated by Stack.
# You should not edit this file by hand.
# For more information, please see the documentation at:
#   https://docs.haskellstack.org/en/stable/lock_files

packages:
- completed:
    hackage: twitter-conduit-0.4.0@sha256:fc0af0d860e352dd200562e8d82a2fe546097317f5ca139ac7079cc7a5d18418,3990
    pantry-tree:
      size: 2618
      sha256: 95653047af2e41dd633b336665bfb37662a789756592ee4ce1914111037ac143
  original:
    hackage: twitter-conduit-0.4.0@sha256:fc0af0d860e352dd200562e8d82a2fe546097317f5ca139ac7079cc7a5d18418,3990
- completed:
    hackage: twitter-types-0.10.1@sha256:5ebed648815b96f54b0b1d3e86b3443d8900a86ce3ab885d71fb8c1ba5aacbc0,1568
    pantry-tree:
      size: 2921
      sha256: 5edadc18ca570a7e53ef3b78415b7df64b429ee4374acfd604ee09a1d3bb10d6
  original:
    hackage: twitter-types-0.10.1@sha256:5ebed648815b96f54b0b1d3e86b3443d8900a86ce3ab885d71fb8c1ba5aacbc0,1568
- completed:
    hackage: twitter-types-lens-0.10.0@sha256:c9589b49b92e0ca3f2b0472959d5ca9f26589caa8b3af182fcd9697dda570751,974
    pantry-tree:
      size: 295
      sha256: 8f9b475ca94cb8394bfce6705433c323494a0b8bfbf284158d5e3a7a8ddd72e6
  original:
    hackage: twitter-types-lens-0.10.0@sha256:c9589b49b92e0ca3f2b0472959d5ca9f26589caa8b3af182fcd9697dda570751,974
- completed:
    size: 5112
    url: https://github.com/morishin/hsmecab/archive/2da6677fbd42bb77d3b6e61c02edfeebe248e184.tar.gz
    cabal-file:
      size: 1164
      sha256: 43cf0fcbf3e2297e1b7b4b243c722d6e9ce39857549a1c323563ec7793592d73
    name: mecab
    version: 0.4.0
    sha256: ce05e950cea784650730bec8c985ae77c38ef858073bee9b7b6addbededc3d0b
    pantry-tree:
      size: 401
      sha256: e8abab364db8ce6ab8f92a3d95eda4be88275077a12467b22566fb3bd75a31cf
  original:
    url: https://github.com/morishin/hsmecab/archive/2da6677fbd42bb77d3b6e61c02edfeebe248e184.tar.gz
snapshots:
- completed:
    size: 491387
    url: https://raw.githubusercontent.com/commercialhaskell/stackage-snapshots/master/lts/15/6.yaml
    sha256: 8d81505a6de861e167a58534ab62330afb75bfa108735c7db1204f7ef2a39d79
  original: lts-15.6
